
Microsoft Visual Studio Solution File, Format Version 12.00
# Visual Studio Version 16
VisualStudioVersion = 16.0.31702.278
MinimumVisualStudioVersion = 10.0.40219.1
Project("{FAE04EC0-301F-11D3-BF4B-00C04F79EFBC}") = "TD1", "TD1\TD1.csproj", "{D4F3E1DF-1D6E-42FB-815B-49983BAA6A3E}"
EndProject
Global
	GlobalSection(SolutionConfigurationPlatforms) = preSolution
		Debug|Any CPU = Debug|Any CPU
		Release|Any CPU = Release|Any CPU
	EndGlobalSection
	GlobalSection(ProjectConfigurationPlatforms) = postSolution
		{D4F3E1DF-1D6E-42FB-815B-49983BAA6A3E}.Debug|Any CPU.ActiveCfg = Debug|Any CPU
		{D4F3E1DF-1D6E-42FB-815B-49983BAA6A3E}.Debug|Any CPU.Build.0 = Debug|Any CPU
		{D4F3E1DF-1D6E-42FB-815B-49983BAA6A3E}.Release|Any CPU.ActiveCfg = Release|Any CPU
		{D4F3E1DF-1D6E-42FB-815B-49983BAA6A3E}.Release|Any CPU.Build.0 = Release|Any CPU
	EndGlobalSection
	GlobalSection(SolutionProperties) = preSolution
		HideSolutionNode = FALSE
	EndGlobalSection
	GlobalSection(ExtensibilityGlobals) = postSolution
		SolutionGuid = {5C0C06BF-D170-4CE3-8584-B9879E259E7E}
	EndGlobalSection
EndGlobal
